
Microsoft Visual Studio Solution File, Format Version 12.00
# Visual Studio Version 17
VisualStudioVersion = 17.8.34330.188
MinimumVisualStudioVersion = 10.0.40219.1
Project("{54435603-DBB4-11D2-8724-00A0C9A8B90C}") = "IntechRibbon", "IntechRibbon\IntechRibbon.vdproj", "{BA820193-1B0D-4E23-9F33-42614AE713E2}"
EndProject
Global
	GlobalSection(SolutionConfigurationPlatforms) = preSolution
		Debug|Any CPU = Debug|Any CPU
		Debug|x64 = Debug|x64
		Debug|x86 = Debug|x86
		Release|Any CPU = Release|Any CPU
		Release|x64 = Release|x64
		Release|x86 = Release|x86
	EndGlobalSection
	GlobalSection(ProjectConfigurationPlatforms) = postSolution
		{BA820193-1B0D-4E23-9F33-42614AE713E2}.Debug|Any CPU.ActiveCfg = Debug
		{BA820193-1B0D-4E23-9F33-42614AE713E2}.Debug|Any CPU.Build.0 = Debug
		{BA820193-1B0D-4E23-9F33-42614AE713E2}.Debug|x64.ActiveCfg = Debug
		{BA820193-1B0D-4E23-9F33-42614AE713E2}.Debug|x64.Build.0 = Debug
		{BA820193-1B0D-4E23-9F33-42614AE713E2}.Debug|x86.ActiveCfg = Debug
		{BA820193-1B0D-4E23-9F33-42614AE713E2}.Debug|x86.Build.0 = Debug
		{BA820193-1B0D-4E23-9F33-42614AE713E2}.Release|Any CPU.ActiveCfg = Release
		{BA820193-1B0D-4E23-9F33-42614AE713E2}.Release|Any CPU.Build.0 = Release
		{BA820193-1B0D-4E23-9F33-42614AE713E2}.Release|x64.ActiveCfg = Release
		{BA820193-1B0D-4E23-9F33-42614AE713E2}.Release|x64.Build.0 = Release
		{BA820193-1B0D-4E23-9F33-42614AE713E2}.Release|x86.ActiveCfg = Release
		{BA820193-1B0D-4E23-9F33-42614AE713E2}.Release|x86.Build.0 = Release
	EndGlobalSection
	GlobalSection(SolutionProperties) = preSolution
		HideSolutionNode = FALSE
	EndGlobalSection
	GlobalSection(ExtensibilityGlobals) = postSolution
		SolutionGuid = {377458CD-4AD2-4BF8-BFA5-476AD4982328}
	EndGlobalSection
EndGlobal
